
Microsoft Visual Studio Solution File, Format Version 12.00
# Visual Studio 15
Project("{2150E333-8FDC-42A3-9474-1A3956D46DE8}") = "1. Interfaces", "1. Interfaces", "{31F9F959-5065-4B86-A2DE-EDC4A6E3224B}"
EndProject
Project("{2150E333-8FDC-42A3-9474-1A3956D46DE8}") = "2. Model", "2. Model", "{4309E047-A128-43C3-BF20-96CB8A8A63F3}"
EndProject
Project("{2150E333-8FDC-42A3-9474-1A3956D46DE8}") = "4. Client", "4. Client", "{2A0EBB1E-16CA-482C-9439-C69D8A9F207B}"
EndProject
Project("{2150E333-8FDC-42A3-9474-1A3956D46DE8}") = "3. UnitTest", "3. UnitTest", "{4706E2AE-4DFD-45FE-9376-263A1D8C3416}"
EndProject
Project("{2150E333-8FDC-42A3-9474-1A3956D46DE8}") = "3. DALC", "3. DALC", "{93E63C80-8174-4B17-8002-BADEA3DCDC86}"
EndProject
Project("{FAE04EC0-301F-11D3-BF4B-00C04F79EFBC}") = "Calculator.ApiRest", "Calculator.ApiRest\Calculator.ApiRest.csproj", "{3FE9CD6D-5FF1-4435-A5F3-471B53663C69}"
EndProject
Project("{FAE04EC0-301F-11D3-BF4B-00C04F79EFBC}") = "Calculator.Model", "Calculator.Model\Calculator.Model.csproj", "{64DBCE34-7617-4D91-8539-E8BA3A7AFB7A}"
EndProject
Project("{FAE04EC0-301F-11D3-BF4B-00C04F79EFBC}") = "Calculator.DALC", "Calculator.DALC\Calculator.DALC.csproj", "{69254595-3DA0-4139-BFBB-B699C0FDF78E}"
EndProject
Project("{2150E333-8FDC-42A3-9474-1A3956D46DE8}") = "2. Business", "2. Business", "{142CBA50-D632-4814-AC96-57652F089090}"
EndProject
Project("{FAE04EC0-301F-11D3-BF4B-00C04F79EFBC}") = "Calculator.BO", "Calculator.BO\Calculator.BO.csproj", "{8F3627D1-B677-40E4-B627-EB3DE059C3D8}"
EndProject
Project("{FAE04EC0-301F-11D3-BF4B-00C04F79EFBC}") = "Calculator.UnitTest", "Calculator.UnitTest\Calculator.UnitTest.csproj", "{587556C8-FEEA-42FB-B0FF-0E0221EE6CBB}"
EndProject
Project("{FAE04EC0-301F-11D3-BF4B-00C04F79EFBC}") = "Calculator.ConsoleClient", "Calculator.ConsoleClient\Calculator.ConsoleClient.csproj", "{10770B6D-5E03-4D53-9EEF-839DD650E4AE}"
EndProject
Global
	GlobalSection(SolutionConfigurationPlatforms) = preSolution
		Debug|Any CPU = Debug|Any CPU
		Release|Any CPU = Release|Any CPU
	EndGlobalSection
	GlobalSection(ProjectConfigurationPlatforms) = postSolution
		{3FE9CD6D-5FF1-4435-A5F3-471B53663C69}.Debug|Any CPU.ActiveCfg = Debug|Any CPU
		{3FE9CD6D-5FF1-4435-A5F3-471B53663C69}.Debug|Any CPU.Build.0 = Debug|Any CPU
		{3FE9CD6D-5FF1-4435-A5F3-471B53663C69}.Release|Any CPU.ActiveCfg = Release|Any CPU
		{3FE9CD6D-5FF1-4435-A5F3-471B53663C69}.Release|Any CPU.Build.0 = Release|Any CPU
		{64DBCE34-7617-4D91-8539-E8BA3A7AFB7A}.Debug|Any CPU.ActiveCfg = Debug|Any CPU
		{64DBCE34-7617-4D91-8539-E8BA3A7AFB7A}.Debug|Any CPU.Build.0 = Debug|Any CPU
		{64DBCE34-7617-4D91-8539-E8BA3A7AFB7A}.Release|Any CPU.ActiveCfg = Release|Any CPU
		{64DBCE34-7617-4D91-8539-E8BA3A7AFB7A}.Release|Any CPU.Build.0 = Release|Any CPU
		{69254595-3DA0-4139-BFBB-B699C0FDF78E}.Debug|Any CPU.ActiveCfg = Debug|Any CPU
		{69254595-3DA0-4139-BFBB-B699C0FDF78E}.Debug|Any CPU.Build.0 = Debug|Any CPU
		{69254595-3DA0-4139-BFBB-B699C0FDF78E}.Release|Any CPU.ActiveCfg = Release|Any CPU
		{69254595-3DA0-4139-BFBB-B699C0FDF78E}.Release|Any CPU.Build.0 = Release|Any CPU
		{8F3627D1-B677-40E4-B627-EB3DE059C3D8}.Debug|Any CPU.ActiveCfg = Debug|Any CPU
		{8F3627D1-B677-40E4-B627-EB3DE059C3D8}.Debug|Any CPU.Build.0 = Debug|Any CPU
		{8F3627D1-B677-40E4-B627-EB3DE059C3D8}.Release|Any CPU.ActiveCfg = Release|Any CPU
		{8F3627D1-B677-40E4-B627-EB3DE059C3D8}.Release|Any CPU.Build.0 = Release|Any CPU
		{587556C8-FEEA-42FB-B0FF-0E0221EE6CBB}.Debug|Any CPU.ActiveCfg = Debug|Any CPU
		{587556C8-FEEA-42FB-B0FF-0E0221EE6CBB}.Debug|Any CPU.Build.0 = Debug|Any CPU
		{587556C8-FEEA-42FB-B0FF-0E0221EE6CBB}.Release|Any CPU.ActiveCfg = Release|Any CPU
		{587556C8-FEEA-42FB-B0FF-0E0221EE6CBB}.Release|Any CPU.Build.0 = Release|Any CPU
		{10770B6D-5E03-4D53-9EEF-839DD650E4AE}.Debug|Any CPU.ActiveCfg = Debug|Any CPU
		{10770B6D-5E03-4D53-9EEF-839DD650E4AE}.Debug|Any CPU.Build.0 = Debug|Any CPU
		{10770B6D-5E03-4D53-9EEF-839DD650E4AE}.Release|Any CPU.ActiveCfg = Release|Any CPU
		{10770B6D-5E03-4D53-9EEF-839DD650E4AE}.Release|Any CPU.Build.0 = Release|Any CPU
	EndGlobalSection
	GlobalSection(NestedProjects) = preSolution
		{3FE9CD6D-5FF1-4435-A5F3-471B53663C69} = {31F9F959-5065-4B86-A2DE-EDC4A6E3224B}
		{64DBCE34-7617-4D91-8539-E8BA3A7AFB7A} = {4309E047-A128-43C3-BF20-96CB8A8A63F3}
		{69254595-3DA0-4139-BFBB-B699C0FDF78E} = {93E63C80-8174-4B17-8002-BADEA3DCDC86}
		{8F3627D1-B677-40E4-B627-EB3DE059C3D8} = {142CBA50-D632-4814-AC96-57652F089090}
		{587556C8-FEEA-42FB-B0FF-0E0221EE6CBB} = {4706E2AE-4DFD-45FE-9376-263A1D8C3416}
		{10770B6D-5E03-4D53-9EEF-839DD650E4AE} = {2A0EBB1E-16CA-482C-9439-C69D8A9F207B}
	EndGlobalSection
EndGlobal
